
Microsoft Visual Studio Solution File, Format Version 12.00
# Visual Studio Version 16
VisualStudioVersion = 16.0.29215.179
MinimumVisualStudioVersion = 10.0.40219.1
Project("{FAE04EC0-301F-11D3-BF4B-00C04F79EFBC}") = "zad2_3", "zad2_3\zad2_3.csproj", "{4EB220AA-E45B-4C19-83BE-B40FB53325E6}"
EndProject
Global
	GlobalSection(SolutionConfigurationPlatforms) = preSolution
		Debug|Any CPU = Debug|Any CPU
		Release|Any CPU = Release|Any CPU
	EndGlobalSection
	GlobalSection(ProjectConfigurationPlatforms) = postSolution
		{4EB220AA-E45B-4C19-83BE-B40FB53325E6}.Debug|Any CPU.ActiveCfg = Debug|Any CPU
		{4EB220AA-E45B-4C19-83BE-B40FB53325E6}.Debug|Any CPU.Build.0 = Debug|Any CPU
		{4EB220AA-E45B-4C19-83BE-B40FB53325E6}.Release|Any CPU.ActiveCfg = Release|Any CPU
		{4EB220AA-E45B-4C19-83BE-B40FB53325E6}.Release|Any CPU.Build.0 = Release|Any CPU
	EndGlobalSection
	GlobalSection(SolutionProperties) = preSolution
		HideSolutionNode = FALSE
	EndGlobalSection
	GlobalSection(ExtensibilityGlobals) = postSolution
		SolutionGuid = {B690DCE0-5C37-428A-A376-587F0DD0AC75}
	EndGlobalSection
EndGlobal
