
Microsoft Visual Studio Solution File, Format Version 12.00
# Visual Studio Version 16
VisualStudioVersion = 16.0.29215.179
MinimumVisualStudioVersion = 10.0.40219.1
Project("{FAE04EC0-301F-11D3-BF4B-00C04F79EFBC}") = "zad3_13", "zad3_13\zad3_13.csproj", "{7AAB3D0D-5348-43E5-B974-7921B9689EC0}"
EndProject
Global
	GlobalSection(SolutionConfigurationPlatforms) = preSolution
		Debug|Any CPU = Debug|Any CPU
		Release|Any CPU = Release|Any CPU
	EndGlobalSection
	GlobalSection(ProjectConfigurationPlatforms) = postSolution
		{7AAB3D0D-5348-43E5-B974-7921B9689EC0}.Debug|Any CPU.ActiveCfg = Debug|Any CPU
		{7AAB3D0D-5348-43E5-B974-7921B9689EC0}.Debug|Any CPU.Build.0 = Debug|Any CPU
		{7AAB3D0D-5348-43E5-B974-7921B9689EC0}.Release|Any CPU.ActiveCfg = Release|Any CPU
		{7AAB3D0D-5348-43E5-B974-7921B9689EC0}.Release|Any CPU.Build.0 = Release|Any CPU
	EndGlobalSection
	GlobalSection(SolutionProperties) = preSolution
		HideSolutionNode = FALSE
	EndGlobalSection
	GlobalSection(ExtensibilityGlobals) = postSolution
		SolutionGuid = {8E8895F5-091C-45AB-841F-22DA0FC97309}
	EndGlobalSection
EndGlobal
