
Microsoft Visual Studio Solution File, Format Version 12.00
# Visual Studio Version 16
VisualStudioVersion = 16.0.29215.179
MinimumVisualStudioVersion = 10.0.40219.1
Project("{FAE04EC0-301F-11D3-BF4B-00C04F79EFBC}") = "zad2_5", "zad2_5\zad2_5.csproj", "{322D3639-91D8-42C6-9D31-5F4DEA9EF53E}"
EndProject
Global
	GlobalSection(SolutionConfigurationPlatforms) = preSolution
		Debug|Any CPU = Debug|Any CPU
		Release|Any CPU = Release|Any CPU
	EndGlobalSection
	GlobalSection(ProjectConfigurationPlatforms) = postSolution
		{322D3639-91D8-42C6-9D31-5F4DEA9EF53E}.Debug|Any CPU.ActiveCfg = Debug|Any CPU
		{322D3639-91D8-42C6-9D31-5F4DEA9EF53E}.Debug|Any CPU.Build.0 = Debug|Any CPU
		{322D3639-91D8-42C6-9D31-5F4DEA9EF53E}.Release|Any CPU.ActiveCfg = Release|Any CPU
		{322D3639-91D8-42C6-9D31-5F4DEA9EF53E}.Release|Any CPU.Build.0 = Release|Any CPU
	EndGlobalSection
	GlobalSection(SolutionProperties) = preSolution
		HideSolutionNode = FALSE
	EndGlobalSection
	GlobalSection(ExtensibilityGlobals) = postSolution
		SolutionGuid = {2C656343-D741-4D5F-B1CC-29EB30C75007}
	EndGlobalSection
EndGlobal
