
Microsoft Visual Studio Solution File, Format Version 12.00
# Visual Studio Version 16
VisualStudioVersion = 16.0.29215.179
MinimumVisualStudioVersion = 10.0.40219.1
Project("{FAE04EC0-301F-11D3-BF4B-00C04F79EFBC}") = "zad3_7", "zad3_7\zad3_7.csproj", "{8561F38B-23DD-4CA7-9A5E-1095C801A251}"
EndProject
Global
	GlobalSection(SolutionConfigurationPlatforms) = preSolution
		Debug|Any CPU = Debug|Any CPU
		Release|Any CPU = Release|Any CPU
	EndGlobalSection
	GlobalSection(ProjectConfigurationPlatforms) = postSolution
		{8561F38B-23DD-4CA7-9A5E-1095C801A251}.Debug|Any CPU.ActiveCfg = Debug|Any CPU
		{8561F38B-23DD-4CA7-9A5E-1095C801A251}.Debug|Any CPU.Build.0 = Debug|Any CPU
		{8561F38B-23DD-4CA7-9A5E-1095C801A251}.Release|Any CPU.ActiveCfg = Release|Any CPU
		{8561F38B-23DD-4CA7-9A5E-1095C801A251}.Release|Any CPU.Build.0 = Release|Any CPU
	EndGlobalSection
	GlobalSection(SolutionProperties) = preSolution
		HideSolutionNode = FALSE
	EndGlobalSection
	GlobalSection(ExtensibilityGlobals) = postSolution
		SolutionGuid = {83A206A3-6A52-437D-BFBA-965308A4C531}
	EndGlobalSection
EndGlobal
